
Microsoft Visual Studio Solution File, Format Version 11.00
# Visual Studio 2010
Project("{FAE04EC0-301F-11D3-BF4B-00C04F79EFBC}") = "Assembly-CSharp", "Assembly-CSharp.csproj", "{e59a14c8-bf62-ae09-dc3a-a3e73066dabd}"
EndProject
Project("{FAE04EC0-301F-11D3-BF4B-00C04F79EFBC}") = "Game", "Game.csproj", "{ea90b5a9-db15-53d7-c71a-c4af966ef274}"
EndProject
Project("{FAE04EC0-301F-11D3-BF4B-00C04F79EFBC}") = "Tests", "Tests.csproj", "{de0a55f4-1583-62ed-80ac-59eb7ffdd2fe}"
EndProject
Global
	GlobalSection(SolutionConfigurationPlatforms) = preSolution
		Debug|Any CPU = Debug|Any CPU
	EndGlobalSection
	GlobalSection(ProjectConfigurationPlatforms) = postSolution
		{e59a14c8-bf62-ae09-dc3a-a3e73066dabd}.Debug|Any CPU.ActiveCfg = Debug|Any CPU
		{e59a14c8-bf62-ae09-dc3a-a3e73066dabd}.Debug|Any CPU.Build.0 = Debug|Any CPU
		{ea90b5a9-db15-53d7-c71a-c4af966ef274}.Debug|Any CPU.ActiveCfg = Debug|Any CPU
		{ea90b5a9-db15-53d7-c71a-c4af966ef274}.Debug|Any CPU.Build.0 = Debug|Any CPU
		{de0a55f4-1583-62ed-80ac-59eb7ffdd2fe}.Debug|Any CPU.ActiveCfg = Debug|Any CPU
		{de0a55f4-1583-62ed-80ac-59eb7ffdd2fe}.Debug|Any CPU.Build.0 = Debug|Any CPU
	EndGlobalSection
	GlobalSection(SolutionProperties) = preSolution
		HideSolutionNode = FALSE
	EndGlobalSection
EndGlobal
