
Microsoft Visual Studio Solution File, Format Version 12.00
# Visual Studio 15
Project("{FAE04EC0-301F-11D3-BF4B-00C04F79EFBC}") = "Assembly-CSharp", "Assembly-CSharp.csproj", "{38F94D58-4103-8C57-006A-7947B7FEB24E}"
EndProject
Project("{FAE04EC0-301F-11D3-BF4B-00C04F79EFBC}") = "Game", "Game.csproj", "{6E10A022-8AD8-69C5-C4D4-01203F3E93A9}"
EndProject
Project("{FAE04EC0-301F-11D3-BF4B-00C04F79EFBC}") = "Tests", "Tests.csproj", "{5FEFD754-BFC3-BB8F-A7D2-C9EC4D22030D}"
EndProject
Global
	GlobalSection(SolutionConfigurationPlatforms) = preSolution
		Debug|Any CPU = Debug|Any CPU
		Release|Any CPU = Release|Any CPU
	EndGlobalSection
	GlobalSection(ProjectConfigurationPlatforms) = postSolution
		{38F94D58-4103-8C57-006A-7947B7FEB24E}.Debug|Any CPU.ActiveCfg = Debug|Any CPU
		{38F94D58-4103-8C57-006A-7947B7FEB24E}.Debug|Any CPU.Build.0 = Debug|Any CPU
		{38F94D58-4103-8C57-006A-7947B7FEB24E}.Release|Any CPU.ActiveCfg = Release|Any CPU
		{38F94D58-4103-8C57-006A-7947B7FEB24E}.Release|Any CPU.Build.0 = Release|Any CPU
		{6E10A022-8AD8-69C5-C4D4-01203F3E93A9}.Debug|Any CPU.ActiveCfg = Debug|Any CPU
		{6E10A022-8AD8-69C5-C4D4-01203F3E93A9}.Debug|Any CPU.Build.0 = Debug|Any CPU
		{6E10A022-8AD8-69C5-C4D4-01203F3E93A9}.Release|Any CPU.ActiveCfg = Release|Any CPU
		{6E10A022-8AD8-69C5-C4D4-01203F3E93A9}.Release|Any CPU.Build.0 = Release|Any CPU
		{5FEFD754-BFC3-BB8F-A7D2-C9EC4D22030D}.Debug|Any CPU.ActiveCfg = Debug|Any CPU
		{5FEFD754-BFC3-BB8F-A7D2-C9EC4D22030D}.Debug|Any CPU.Build.0 = Debug|Any CPU
		{5FEFD754-BFC3-BB8F-A7D2-C9EC4D22030D}.Release|Any CPU.ActiveCfg = Release|Any CPU
		{5FEFD754-BFC3-BB8F-A7D2-C9EC4D22030D}.Release|Any CPU.Build.0 = Release|Any CPU
	EndGlobalSection
	GlobalSection(SolutionProperties) = preSolution
		HideSolutionNode = FALSE
	EndGlobalSection
EndGlobal
